{
  "version": 4,
  "terraform_version": "1.1.7",
  "serial": 302,
  "lineage": "6fd2dea4-8e8c-d5b4-19d7-ec510dd02b5a",
  "outputs": {},
  "resources": [
    {
      "mode": "managed",
      "type": "azurerm_app_service",
      "name": "app-01",
      "provider": "provider[\"registry.terraform.io/hashicorp/azurerm\"]",
      "instances": [
        {
          "schema_version": 0,
          "attributes": {
            "app_service_plan_id": "/subscriptions/6cd202f6-c562-4cc5-a129-7b1a556216a2/resourceGroups/Gunasekhar-Demo-rg-xhxbwr/providers/Microsoft.Web/serverfarms/ASP-01",
            "app_settings": {
              "WEBSITE_NODE_DEFAULT_VERSION": "6.9.1"
            },
            "auth_settings": [
              {
                "active_directory": [],
                "additional_login_params": {},
                "allowed_external_redirect_urls": [],
                "default_provider": "",
                "enabled": false,
                "facebook": [],
                "google": [],
                "issuer": "",
                "microsoft": [],
                "runtime_version": "",
                "token_refresh_extension_hours": 0,
                "token_store_enabled": false,
                "twitter": [],
                "unauthenticated_client_action": ""
              }
            ],
            "backup": [],
            "client_affinity_enabled": false,
            "client_cert_enabled": false,
            "client_cert_mode": "Required",
            "connection_string": [],
            "custom_domain_verification_id": "D909989CDA90B1254D78B9FAB71BA84125BB36CBF8992C66118B9CFDCE5F92B7",
            "default_site_hostname": "app01globant.azurewebsites.net",
            "enabled": true,
            "https_only": false,
            "id": "/subscriptions/6cd202f6-c562-4cc5-a129-7b1a556216a2/resourceGroups/Gunasekhar-Demo-rg-xhxbwr/providers/Microsoft.Web/sites/app01globant",
            "identity": [],
            "key_vault_reference_identity_id": "SystemAssigned",
            "location": "eastus",
            "logs": [
              {
                "application_logs": [
                  {
                    "azure_blob_storage": [],
                    "file_system_level": "Off"
                  }
                ],
                "detailed_error_messages_enabled": false,
                "failed_request_tracing_enabled": false,
                "http_logs": [
                  {
                    "azure_blob_storage": [],
                    "file_system": []
                  }
                ]
              }
            ],
            "name": "app01globant",
            "outbound_ip_address_list": [
              "20.85.152.98",
              "20.85.158.54",
              "20.85.153.79",
              "20.85.159.184",
              "20.85.159.191",
              "20.85.159.195",
              "20.119.0.3"
            ],
            "outbound_ip_addresses": "20.85.152.98,20.85.158.54,20.85.153.79,20.85.159.184,20.85.159.191,20.85.159.195,20.119.0.3",
            "possible_outbound_ip_address_list": [
              "20.85.152.98",
              "20.85.158.54",
              "20.85.153.79",
              "20.85.159.184",
              "20.85.159.191",
              "20.85.159.195",
              "20.85.156.78",
              "20.85.159.203",
              "20.85.159.251",
              "20.121.168.18",
              "20.121.168.37",
              "20.85.156.8",
              "20.121.168.46",
              "20.121.168.65",
              "20.121.168.83",
              "20.121.168.92",
              "20.121.168.113",
              "20.121.168.255",
              "20.121.169.13",
              "20.121.169.38",
              "20.121.169.55",
              "20.121.169.65",
              "20.121.169.66",
              "20.121.169.71",
              "20.85.158.91",
              "20.121.169.84",
              "20.85.159.237",
              "20.85.158.95",
              "20.121.168.29",
              "20.121.168.55",
              "20.119.0.3"
            ],
            "possible_outbound_ip_addresses": "20.85.152.98,20.85.158.54,20.85.153.79,20.85.159.184,20.85.159.191,20.85.159.195,20.85.156.78,20.85.159.203,20.85.159.251,20.121.168.18,20.121.168.37,20.85.156.8,20.121.168.46,20.121.168.65,20.121.168.83,20.121.168.92,20.121.168.113,20.121.168.255,20.121.169.13,20.121.169.38,20.121.169.55,20.121.169.65,20.121.169.66,20.121.169.71,20.85.158.91,20.121.169.84,20.85.159.237,20.85.158.95,20.121.168.29,20.121.168.55,20.119.0.3",
            "resource_group_name": "Gunasekhar-Demo-rg-xhxbwr",
            "site_config": [
              {
                "acr_use_managed_identity_credentials": false,
                "acr_user_managed_identity_client_id": "",
                "always_on": false,
                "app_command_line": "",
                "auto_swap_slot_name": "",
                "cors": [],
                "default_documents": [
                  "Default.htm",
                  "Default.html",
                  "Default.asp",
                  "index.htm",
                  "index.html",
                  "iisstart.htm",
                  "default.aspx",
                  "index.php",
                  "hostingstart.html"
                ],
                "dotnet_framework_version": "v4.0",
                "ftps_state": "AllAllowed",
                "health_check_path": "",
                "http2_enabled": false,
                "ip_restriction": [],
                "java_container": "",
                "java_container_version": "",
                "java_version": "",
                "linux_fx_version": "",
                "local_mysql_enabled": false,
                "managed_pipeline_mode": "Integrated",
                "min_tls_version": "1.2",
                "number_of_workers": 1,
                "php_version": "5.6",
                "python_version": "",
                "remote_debugging_enabled": false,
                "remote_debugging_version": "",
                "scm_ip_restriction": [],
                "scm_type": "None",
                "scm_use_main_ip_restriction": false,
                "use_32_bit_worker_process": true,
                "vnet_route_all_enabled": false,
                "websockets_enabled": false,
                "windows_fx_version": ""
              }
            ],
            "site_credential": [
              {
                "password": "qgArtimZ2JKwRij3Ch7gknWnnX2y4SShNprlzoaRBAfzuutJvY8Hfk8uthjD",
                "username": "$app01globant"
              }
            ],
            "source_control": [
              {
                "branch": "main",
                "manual_integration": false,
                "repo_url": "",
                "rollback_enabled": false,
                "use_mercurial": false
              }
            ],
            "storage_account": [],
            "tags": null,
            "timeouts": null
          },
          "sensitive_attributes": [],
          "private": "eyJlMmJmYjczMC1lY2FhLTExZTYtOGY4OC0zNDM2M2JjN2M0YzAiOnsiY3JlYXRlIjoxODAwMDAwMDAwMDAwLCJkZWxldGUiOjE4MDAwMDAwMDAwMDAsInJlYWQiOjMwMDAwMDAwMDAwMCwidXBkYXRlIjoxODAwMDAwMDAwMDAwfX0=",
          "dependencies": [
            "azurerm_app_service_plan.ASP-01",
            "azurerm_resource_group.rg",
            "random_string.myrandom"
          ]
        }
      ]
    },
    {
      "mode": "managed",
      "type": "azurerm_app_service",
      "name": "webapp",
      "provider": "provider[\"registry.terraform.io/hashicorp/azurerm\"]",
      "instances": [
        {
          "schema_version": 0,
          "attributes": {
            "app_service_plan_id": "/subscriptions/6cd202f6-c562-4cc5-a129-7b1a556216a2/resourceGroups/Gunasekhar-Demo-rg-xhxbwr/providers/Microsoft.Web/serverfarms/ASP-01",
            "app_settings": {
              "WEBSITE_NODE_DEFAULT_VERSION": "6.9.1"
            },
            "auth_settings": [
              {
                "active_directory": [],
                "additional_login_params": {},
                "allowed_external_redirect_urls": [],
                "default_provider": "",
                "enabled": false,
                "facebook": [],
                "google": [],
                "issuer": "",
                "microsoft": [],
                "runtime_version": "",
                "token_refresh_extension_hours": 0,
                "token_store_enabled": false,
                "twitter": [],
                "unauthenticated_client_action": ""
              }
            ],
            "backup": [],
            "client_affinity_enabled": false,
            "client_cert_enabled": false,
            "client_cert_mode": "Required",
            "connection_string": [],
            "custom_domain_verification_id": "D909989CDA90B1254D78B9FAB71BA84125BB36CBF8992C66118B9CFDCE5F92B7",
            "default_site_hostname": "webapp-87576.azurewebsites.net",
            "enabled": true,
            "https_only": false,
            "id": "/subscriptions/6cd202f6-c562-4cc5-a129-7b1a556216a2/resourceGroups/Gunasekhar-Demo-rg-xhxbwr/providers/Microsoft.Web/sites/webapp-87576",
            "identity": [],
            "key_vault_reference_identity_id": "SystemAssigned",
            "location": "eastus",
            "logs": [
              {
                "application_logs": [
                  {
                    "azure_blob_storage": [],
                    "file_system_level": "Off"
                  }
                ],
                "detailed_error_messages_enabled": false,
                "failed_request_tracing_enabled": false,
                "http_logs": [
                  {
                    "azure_blob_storage": [],
                    "file_system": []
                  }
                ]
              }
            ],
            "name": "webapp-87576",
            "outbound_ip_address_list": [
              "20.85.152.98",
              "20.85.158.54",
              "20.85.153.79",
              "20.85.159.184",
              "20.85.159.191",
              "20.85.159.195",
              "20.119.0.3"
            ],
            "outbound_ip_addresses": "20.85.152.98,20.85.158.54,20.85.153.79,20.85.159.184,20.85.159.191,20.85.159.195,20.119.0.3",
            "possible_outbound_ip_address_list": [
              "20.85.152.98",
              "20.85.158.54",
              "20.85.153.79",
              "20.85.159.184",
              "20.85.159.191",
              "20.85.159.195",
              "20.85.156.78",
              "20.85.159.203",
              "20.85.159.251",
              "20.121.168.18",
              "20.121.168.37",
              "20.85.156.8",
              "20.121.168.46",
              "20.121.168.65",
              "20.121.168.83",
              "20.121.168.92",
              "20.121.168.113",
              "20.121.168.255",
              "20.121.169.13",
              "20.121.169.38",
              "20.121.169.55",
              "20.121.169.65",
              "20.121.169.66",
              "20.121.169.71",
              "20.85.158.91",
              "20.121.169.84",
              "20.85.159.237",
              "20.85.158.95",
              "20.121.168.29",
              "20.121.168.55",
              "20.119.0.3"
            ],
            "possible_outbound_ip_addresses": "20.85.152.98,20.85.158.54,20.85.153.79,20.85.159.184,20.85.159.191,20.85.159.195,20.85.156.78,20.85.159.203,20.85.159.251,20.121.168.18,20.121.168.37,20.85.156.8,20.121.168.46,20.121.168.65,20.121.168.83,20.121.168.92,20.121.168.113,20.121.168.255,20.121.169.13,20.121.169.38,20.121.169.55,20.121.169.65,20.121.169.66,20.121.169.71,20.85.158.91,20.121.169.84,20.85.159.237,20.85.158.95,20.121.168.29,20.121.168.55,20.119.0.3",
            "resource_group_name": "Gunasekhar-Demo-rg-xhxbwr",
            "site_config": [
              {
                "acr_use_managed_identity_credentials": false,
                "acr_user_managed_identity_client_id": "",
                "always_on": false,
                "app_command_line": "",
                "auto_swap_slot_name": "",
                "cors": [],
                "default_documents": [
                  "Default.htm",
                  "Default.html",
                  "Default.asp",
                  "index.htm",
                  "index.html",
                  "iisstart.htm",
                  "default.aspx",
                  "index.php",
                  "hostingstart.html"
                ],
                "dotnet_framework_version": "v4.0",
                "ftps_state": "AllAllowed",
                "health_check_path": "",
                "http2_enabled": false,
                "ip_restriction": [],
                "java_container": "",
                "java_container_version": "",
                "java_version": "",
                "linux_fx_version": "",
                "local_mysql_enabled": false,
                "managed_pipeline_mode": "Integrated",
                "min_tls_version": "1.2",
                "number_of_workers": 1,
                "php_version": "5.6",
                "python_version": "",
                "remote_debugging_enabled": false,
                "remote_debugging_version": "",
                "scm_ip_restriction": [],
                "scm_type": "None",
                "scm_use_main_ip_restriction": false,
                "use_32_bit_worker_process": true,
                "vnet_route_all_enabled": false,
                "websockets_enabled": false,
                "windows_fx_version": ""
              }
            ],
            "site_credential": [
              {
                "password": "1zgY4Rg7enPisnFJaMZtGXfrzEQkfzq1P4A7Cdf04Ynn6cueYtJs3HP2LMA2",
                "username": "$webapp-87576"
              }
            ],
            "source_control": [
              {
                "branch": "main",
                "manual_integration": false,
                "repo_url": "",
                "rollback_enabled": false,
                "use_mercurial": false
              }
            ],
            "storage_account": [],
            "tags": null,
            "timeouts": null
          },
          "sensitive_attributes": [],
          "private": "eyJlMmJmYjczMC1lY2FhLTExZTYtOGY4OC0zNDM2M2JjN2M0YzAiOnsiY3JlYXRlIjoxODAwMDAwMDAwMDAwLCJkZWxldGUiOjE4MDAwMDAwMDAwMDAsInJlYWQiOjMwMDAwMDAwMDAwMCwidXBkYXRlIjoxODAwMDAwMDAwMDAwfX0=",
          "dependencies": [
            "azurerm_app_service_plan.ASP-01",
            "azurerm_resource_group.rg",
            "random_integer.ri",
            "random_string.myrandom"
          ]
        }
      ]
    },
    {
      "mode": "managed",
      "type": "azurerm_app_service_plan",
      "name": "ASP-01",
      "provider": "provider[\"registry.terraform.io/hashicorp/azurerm\"]",
      "instances": [
        {
          "schema_version": 0,
          "attributes": {
            "app_service_environment_id": "",
            "id": "/subscriptions/6cd202f6-c562-4cc5-a129-7b1a556216a2/resourceGroups/Gunasekhar-Demo-rg-xhxbwr/providers/Microsoft.Web/serverfarms/ASP-01",
            "is_xenon": false,
            "kind": "Windows",
            "location": "eastus",
            "maximum_elastic_worker_count": 1,
            "maximum_number_of_workers": 10,
            "name": "ASP-01",
            "per_site_scaling": false,
            "reserved": false,
            "resource_group_name": "Gunasekhar-Demo-rg-xhxbwr",
            "sku": [
              {
                "capacity": 1,
                "size": "S1",
                "tier": "Standard"
              }
            ],
            "tags": null,
            "timeouts": null,
            "zone_redundant": false
          },
          "sensitive_attributes": [],
          "private": "eyJlMmJmYjczMC1lY2FhLTExZTYtOGY4OC0zNDM2M2JjN2M0YzAiOnsiY3JlYXRlIjozNjAwMDAwMDAwMDAwLCJkZWxldGUiOjM2MDAwMDAwMDAwMDAsInJlYWQiOjMwMDAwMDAwMDAwMCwidXBkYXRlIjozNjAwMDAwMDAwMDAwfX0=",
          "dependencies": [
            "azurerm_resource_group.rg",
            "random_string.myrandom"
          ]
        }
      ]
    },
    {
      "mode": "managed",
      "type": "azurerm_function_app",
      "name": "functionapp",
      "provider": "provider[\"registry.terraform.io/hashicorp/azurerm\"]",
      "instances": [
        {
          "schema_version": 0,
          "attributes": {
            "app_service_plan_id": "/subscriptions/6cd202f6-c562-4cc5-a129-7b1a556216a2/resourceGroups/Gunasekhar-Demo-rg-xhxbwr/providers/Microsoft.Web/serverfarms/ASP-01",
            "app_settings": {},
            "auth_settings": [
              {
                "active_directory": [],
                "additional_login_params": {},
                "allowed_external_redirect_urls": [],
                "default_provider": "",
                "enabled": false,
                "facebook": [],
                "google": [],
                "issuer": "",
                "microsoft": [],
                "runtime_version": "",
                "token_refresh_extension_hours": 0,
                "token_store_enabled": false,
                "twitter": [],
                "unauthenticated_client_action": ""
              }
            ],
            "client_cert_mode": "",
            "connection_string": [],
            "custom_domain_verification_id": "D909989CDA90B1254D78B9FAB71BA84125BB36CBF8992C66118B9CFDCE5F92B7",
            "daily_memory_time_quota": 0,
            "default_hostname": "function-app01-globant.azurewebsites.net",
            "enable_builtin_logging": true,
            "enabled": true,
            "https_only": false,
            "id": "/subscriptions/6cd202f6-c562-4cc5-a129-7b1a556216a2/resourceGroups/Gunasekhar-Demo-rg-xhxbwr/providers/Microsoft.Web/sites/Function-app01-globant",
            "identity": [],
            "key_vault_reference_identity_id": "SystemAssigned",
            "kind": "functionapp",
            "location": "eastus",
            "name": "Function-app01-globant",
            "os_type": "",
            "outbound_ip_addresses": "20.85.152.98,20.85.158.54,20.85.153.79,20.85.159.184,20.85.159.191,20.85.159.195,20.119.0.3",
            "possible_outbound_ip_addresses": "20.85.152.98,20.85.158.54,20.85.153.79,20.85.159.184,20.85.159.191,20.85.159.195,20.85.156.78,20.85.159.203,20.85.159.251,20.121.168.18,20.121.168.37,20.85.156.8,20.121.168.46,20.121.168.65,20.121.168.83,20.121.168.92,20.121.168.113,20.121.168.255,20.121.169.13,20.121.169.38,20.121.169.55,20.121.169.65,20.121.169.66,20.121.169.71,20.85.158.91,20.121.169.84,20.85.159.237,20.85.158.95,20.121.168.29,20.121.168.55,20.119.0.3",
            "resource_group_name": "Gunasekhar-Demo-rg-xhxbwr",
            "site_config": [
              {
                "always_on": false,
                "app_scale_limit": 0,
                "auto_swap_slot_name": "",
                "cors": [],
                "dotnet_framework_version": "v4.0",
                "elastic_instance_minimum": 0,
                "ftps_state": "AllAllowed",
                "health_check_path": "",
                "http2_enabled": false,
                "ip_restriction": [],
                "java_version": "",
                "linux_fx_version": "",
                "min_tls_version": "1.2",
                "pre_warmed_instance_count": 0,
                "runtime_scale_monitoring_enabled": false,
                "scm_ip_restriction": [],
                "scm_type": "None",
                "scm_use_main_ip_restriction": false,
                "use_32_bit_worker_process": true,
                "vnet_route_all_enabled": false,
                "websockets_enabled": false
              }
            ],
            "site_credential": [
              {
                "password": "RHxuceCi8BYawWcsENdkr0MxhuSS4sN9ihPyySBcEoZlCeyj0hJkyWqAwtk0",
                "username": "$Function-app01-globant"
              }
            ],
            "source_control": [
              {
                "branch": "main",
                "manual_integration": false,
                "repo_url": "",
                "rollback_enabled": false,
                "use_mercurial": false
              }
            ],
            "storage_account_access_key": "DM4tiYm7uYd1dj+qwBG+pM9iFFLHjXLS2r/IkGxXLA0Y6BdG2ybguBxBX/sZ7sUEaCwIFf7XXBBt+AStp6Afvg==",
            "storage_account_name": "globantstorage001",
            "tags": null,
            "timeouts": null,
            "version": "~1"
          },
          "sensitive_attributes": [
            [
              {
                "type": "get_attr",
                "value": "storage_account_access_key"
              }
            ]
          ],
          "private": "eyJlMmJmYjczMC1lY2FhLTExZTYtOGY4OC0zNDM2M2JjN2M0YzAiOnsiY3JlYXRlIjoxODAwMDAwMDAwMDAwLCJkZWxldGUiOjE4MDAwMDAwMDAwMDAsInJlYWQiOjMwMDAwMDAwMDAwMCwidXBkYXRlIjoxODAwMDAwMDAwMDAwfX0=",
          "dependencies": [
            "azurerm_app_service_plan.ASP-01",
            "azurerm_resource_group.rg",
            "azurerm_storage_account.storage_account",
            "random_string.myrandom"
          ]
        }
      ]
    },
    {
      "mode": "managed",
      "type": "azurerm_network_security_group",
      "name": "ag_subnet_nsg",
      "provider": "provider[\"registry.terraform.io/hashicorp/azurerm\"]",
      "instances": [
        {
          "schema_version": 0,
          "attributes": {
            "id": "/subscriptions/6cd202f6-c562-4cc5-a129-7b1a556216a2/resourceGroups/Gunasekhar-Demo-rg-xhxbwr/providers/Microsoft.Network/networkSecurityGroups/Gunasekhar-Demo-vnet-agsubnet-nsg",
            "location": "eastus",
            "name": "Gunasekhar-Demo-vnet-agsubnet-nsg",
            "resource_group_name": "Gunasekhar-Demo-rg-xhxbwr",
            "security_rule": [],
            "tags": null,
            "timeouts": null
          },
          "sensitive_attributes": [],
          "private": "eyJlMmJmYjczMC1lY2FhLTExZTYtOGY4OC0zNDM2M2JjN2M0YzAiOnsiY3JlYXRlIjoxODAwMDAwMDAwMDAwLCJkZWxldGUiOjE4MDAwMDAwMDAwMDAsInJlYWQiOjMwMDAwMDAwMDAwMCwidXBkYXRlIjoxODAwMDAwMDAwMDAwfX0=",
          "dependencies": [
            "azurerm_resource_group.rg",
            "azurerm_subnet.agsubnet",
            "azurerm_virtual_network.vnet",
            "random_string.myrandom"
          ]
        }
      ]
    },
    {
      "mode": "managed",
      "type": "azurerm_network_security_group",
      "name": "app_subnet_nsg",
      "provider": "provider[\"registry.terraform.io/hashicorp/azurerm\"]",
      "instances": [
        {
          "schema_version": 0,
          "attributes": {
            "id": "/subscriptions/6cd202f6-c562-4cc5-a129-7b1a556216a2/resourceGroups/Gunasekhar-Demo-rg-xhxbwr/providers/Microsoft.Network/networkSecurityGroups/Gunasekhar-Demo-vnet-appsubnet-nsg",
            "location": "eastus",
            "name": "Gunasekhar-Demo-vnet-appsubnet-nsg",
            "resource_group_name": "Gunasekhar-Demo-rg-xhxbwr",
            "security_rule": [],
            "tags": null,
            "timeouts": null
          },
          "sensitive_attributes": [],
          "private": "eyJlMmJmYjczMC1lY2FhLTExZTYtOGY4OC0zNDM2M2JjN2M0YzAiOnsiY3JlYXRlIjoxODAwMDAwMDAwMDAwLCJkZWxldGUiOjE4MDAwMDAwMDAwMDAsInJlYWQiOjMwMDAwMDAwMDAwMCwidXBkYXRlIjoxODAwMDAwMDAwMDAwfX0=",
          "dependencies": [
            "azurerm_resource_group.rg",
            "azurerm_subnet.appsubnet",
            "azurerm_virtual_network.vnet",
            "random_string.myrandom"
          ]
        }
      ]
    },
    {
      "mode": "managed",
      "type": "azurerm_network_security_group",
      "name": "db_subnet_nsg",
      "provider": "provider[\"registry.terraform.io/hashicorp/azurerm\"]",
      "instances": [
        {
          "schema_version": 0,
          "attributes": {
            "id": "/subscriptions/6cd202f6-c562-4cc5-a129-7b1a556216a2/resourceGroups/Gunasekhar-Demo-rg-xhxbwr/providers/Microsoft.Network/networkSecurityGroups/Gunasekhar-Demo-vnet-dbsubnet-nsg",
            "location": "eastus",
            "name": "Gunasekhar-Demo-vnet-dbsubnet-nsg",
            "resource_group_name": "Gunasekhar-Demo-rg-xhxbwr",
            "security_rule": [],
            "tags": null,
            "timeouts": null
          },
          "sensitive_attributes": [],
          "private": "eyJlMmJmYjczMC1lY2FhLTExZTYtOGY4OC0zNDM2M2JjN2M0YzAiOnsiY3JlYXRlIjoxODAwMDAwMDAwMDAwLCJkZWxldGUiOjE4MDAwMDAwMDAwMDAsInJlYWQiOjMwMDAwMDAwMDAwMCwidXBkYXRlIjoxODAwMDAwMDAwMDAwfX0=",
          "dependencies": [
            "azurerm_resource_group.rg",
            "azurerm_subnet.dbsubnet",
            "azurerm_virtual_network.vnet",
            "random_string.myrandom"
          ]
        }
      ]
    },
    {
      "mode": "managed",
      "type": "azurerm_network_security_rule",
      "name": "ag_nsg_rule_inbound",
      "provider": "provider[\"registry.terraform.io/hashicorp/azurerm\"]",
      "instances": [
        {
          "index_key": "100",
          "schema_version": 0,
          "attributes": {
            "access": "Allow",
            "description": "",
            "destination_address_prefix": "*",
            "destination_address_prefixes": null,
            "destination_application_security_group_ids": null,
            "destination_port_range": "80",
            "destination_port_ranges": null,
            "direction": "Inbound",
            "id": "/subscriptions/6cd202f6-c562-4cc5-a129-7b1a556216a2/resourceGroups/Gunasekhar-Demo-rg-xhxbwr/providers/Microsoft.Network/networkSecurityGroups/Gunasekhar-Demo-vnet-agsubnet-nsg/securityRules/Rule-Port-80",
            "name": "Rule-Port-80",
            "network_security_group_name": "Gunasekhar-Demo-vnet-agsubnet-nsg",
            "priority": 100,
            "protocol": "Tcp",
            "resource_group_name": "Gunasekhar-Demo-rg-xhxbwr",
            "source_address_prefix": "*",
            "source_address_prefixes": null,
            "source_application_security_group_ids": null,
            "source_port_range": "*",
            "source_port_ranges": null,
            "timeouts": null
          },
          "sensitive_attributes": [],
          "private": "eyJlMmJmYjczMC1lY2FhLTExZTYtOGY4OC0zNDM2M2JjN2M0YzAiOnsiY3JlYXRlIjoxODAwMDAwMDAwMDAwLCJkZWxldGUiOjE4MDAwMDAwMDAwMDAsInJlYWQiOjMwMDAwMDAwMDAwMCwidXBkYXRlIjoxODAwMDAwMDAwMDAwfX0=",
          "dependencies": [
            "azurerm_network_security_group.ag_subnet_nsg",
            "azurerm_resource_group.rg",
            "azurerm_subnet.agsubnet",
            "azurerm_virtual_network.vnet",
            "random_string.myrandom"
          ]
        },
        {
          "index_key": "110",
          "schema_version": 0,
          "attributes": {
            "access": "Allow",
            "description": "",
            "destination_address_prefix": "*",
            "destination_address_prefixes": null,
            "destination_application_security_group_ids": null,
            "destination_port_range": "443",
            "destination_port_ranges": null,
            "direction": "Inbound",
            "id": "/subscriptions/6cd202f6-c562-4cc5-a129-7b1a556216a2/resourceGroups/Gunasekhar-Demo-rg-xhxbwr/providers/Microsoft.Network/networkSecurityGroups/Gunasekhar-Demo-vnet-agsubnet-nsg/securityRules/Rule-Port-443",
            "name": "Rule-Port-443",
            "network_security_group_name": "Gunasekhar-Demo-vnet-agsubnet-nsg",
            "priority": 110,
            "protocol": "Tcp",
            "resource_group_name": "Gunasekhar-Demo-rg-xhxbwr",
            "source_address_prefix": "*",
            "source_address_prefixes": null,
            "source_application_security_group_ids": null,
            "source_port_range": "*",
            "source_port_ranges": null,
            "timeouts": null
          },
          "sensitive_attributes": [],
          "private": "eyJlMmJmYjczMC1lY2FhLTExZTYtOGY4OC0zNDM2M2JjN2M0YzAiOnsiY3JlYXRlIjoxODAwMDAwMDAwMDAwLCJkZWxldGUiOjE4MDAwMDAwMDAwMDAsInJlYWQiOjMwMDAwMDAwMDAwMCwidXBkYXRlIjoxODAwMDAwMDAwMDAwfX0=",
          "dependencies": [
            "azurerm_network_security_group.ag_subnet_nsg",
            "azurerm_resource_group.rg",
            "azurerm_subnet.agsubnet",
            "azurerm_virtual_network.vnet",
            "random_string.myrandom"
          ]
        }
      ]
    },
    {
      "mode": "managed",
      "type": "azurerm_network_security_rule",
      "name": "app_nsg_rule_inbound",
      "provider": "provider[\"registry.terraform.io/hashicorp/azurerm\"]",
      "instances": [
        {
          "index_key": "100",
          "schema_version": 0,
          "attributes": {
            "access": "Allow",
            "description": "",
            "destination_address_prefix": "*",
            "destination_address_prefixes": null,
            "destination_application_security_group_ids": null,
            "destination_port_range": "80",
            "destination_port_ranges": null,
            "direction": "Inbound",
            "id": "/subscriptions/6cd202f6-c562-4cc5-a129-7b1a556216a2/resourceGroups/Gunasekhar-Demo-rg-xhxbwr/providers/Microsoft.Network/networkSecurityGroups/Gunasekhar-Demo-vnet-appsubnet-nsg/securityRules/Rule-Port-80",
            "name": "Rule-Port-80",
            "network_security_group_name": "Gunasekhar-Demo-vnet-appsubnet-nsg",
            "priority": 100,
            "protocol": "Tcp",
            "resource_group_name": "Gunasekhar-Demo-rg-xhxbwr",
            "source_address_prefix": "*",
            "source_address_prefixes": null,
            "source_application_security_group_ids": null,
            "source_port_range": "*",
            "source_port_ranges": null,
            "timeouts": null
          },
          "sensitive_attributes": [],
          "private": "eyJlMmJmYjczMC1lY2FhLTExZTYtOGY4OC0zNDM2M2JjN2M0YzAiOnsiY3JlYXRlIjoxODAwMDAwMDAwMDAwLCJkZWxldGUiOjE4MDAwMDAwMDAwMDAsInJlYWQiOjMwMDAwMDAwMDAwMCwidXBkYXRlIjoxODAwMDAwMDAwMDAwfX0=",
          "dependencies": [
            "azurerm_network_security_group.app_subnet_nsg",
            "azurerm_resource_group.rg",
            "azurerm_subnet.appsubnet",
            "azurerm_virtual_network.vnet",
            "random_string.myrandom"
          ]
        },
        {
          "index_key": "110",
          "schema_version": 0,
          "attributes": {
            "access": "Allow",
            "description": "",
            "destination_address_prefix": "*",
            "destination_address_prefixes": null,
            "destination_application_security_group_ids": null,
            "destination_port_range": "8080",
            "destination_port_ranges": null,
            "direction": "Inbound",
            "id": "/subscriptions/6cd202f6-c562-4cc5-a129-7b1a556216a2/resourceGroups/Gunasekhar-Demo-rg-xhxbwr/providers/Microsoft.Network/networkSecurityGroups/Gunasekhar-Demo-vnet-appsubnet-nsg/securityRules/Rule-Port-8080",
            "name": "Rule-Port-8080",
            "network_security_group_name": "Gunasekhar-Demo-vnet-appsubnet-nsg",
            "priority": 110,
            "protocol": "Tcp",
            "resource_group_name": "Gunasekhar-Demo-rg-xhxbwr",
            "source_address_prefix": "*",
            "source_address_prefixes": null,
            "source_application_security_group_ids": null,
            "source_port_range": "*",
            "source_port_ranges": null,
            "timeouts": null
          },
          "sensitive_attributes": [],
          "private": "eyJlMmJmYjczMC1lY2FhLTExZTYtOGY4OC0zNDM2M2JjN2M0YzAiOnsiY3JlYXRlIjoxODAwMDAwMDAwMDAwLCJkZWxldGUiOjE4MDAwMDAwMDAwMDAsInJlYWQiOjMwMDAwMDAwMDAwMCwidXBkYXRlIjoxODAwMDAwMDAwMDAwfX0=",
          "dependencies": [
            "azurerm_network_security_group.app_subnet_nsg",
            "azurerm_resource_group.rg",
            "azurerm_subnet.appsubnet",
            "azurerm_virtual_network.vnet",
            "random_string.myrandom"
          ]
        },
        {
          "index_key": "120",
          "schema_version": 0,
          "attributes": {
            "access": "Allow",
            "description": "",
            "destination_address_prefix": "*",
            "destination_address_prefixes": null,
            "destination_application_security_group_ids": null,
            "destination_port_range": "443",
            "destination_port_ranges": null,
            "direction": "Inbound",
            "id": "/subscriptions/6cd202f6-c562-4cc5-a129-7b1a556216a2/resourceGroups/Gunasekhar-Demo-rg-xhxbwr/providers/Microsoft.Network/networkSecurityGroups/Gunasekhar-Demo-vnet-appsubnet-nsg/securityRules/Rule-Port-443",
            "name": "Rule-Port-443",
            "network_security_group_name": "Gunasekhar-Demo-vnet-appsubnet-nsg",
            "priority": 120,
            "protocol": "Tcp",
            "resource_group_name": "Gunasekhar-Demo-rg-xhxbwr",
            "source_address_prefix": "*",
            "source_address_prefixes": null,
            "source_application_security_group_ids": null,
            "source_port_range": "*",
            "source_port_ranges": null,
            "timeouts": null
          },
          "sensitive_attributes": [],
          "private": "eyJlMmJmYjczMC1lY2FhLTExZTYtOGY4OC0zNDM2M2JjN2M0YzAiOnsiY3JlYXRlIjoxODAwMDAwMDAwMDAwLCJkZWxldGUiOjE4MDAwMDAwMDAwMDAsInJlYWQiOjMwMDAwMDAwMDAwMCwidXBkYXRlIjoxODAwMDAwMDAwMDAwfX0=",
          "dependencies": [
            "azurerm_network_security_group.app_subnet_nsg",
            "azurerm_resource_group.rg",
            "azurerm_subnet.appsubnet",
            "azurerm_virtual_network.vnet",
            "random_string.myrandom"
          ]
        }
      ]
    },
    {
      "mode": "managed",
      "type": "azurerm_network_security_rule",
      "name": "db_nsg_rule_inbound",
      "provider": "provider[\"registry.terraform.io/hashicorp/azurerm\"]",
      "instances": [
        {
          "index_key": "100",
          "schema_version": 0,
          "attributes": {
            "access": "Allow",
            "description": "",
            "destination_address_prefix": "*",
            "destination_address_prefixes": null,
            "destination_application_security_group_ids": null,
            "destination_port_range": "1433",
            "destination_port_ranges": null,
            "direction": "Inbound",
            "id": "/subscriptions/6cd202f6-c562-4cc5-a129-7b1a556216a2/resourceGroups/Gunasekhar-Demo-rg-xhxbwr/providers/Microsoft.Network/networkSecurityGroups/Gunasekhar-Demo-vnet-dbsubnet-nsg/securityRules/Rule-Port-1433",
            "name": "Rule-Port-1433",
            "network_security_group_name": "Gunasekhar-Demo-vnet-dbsubnet-nsg",
            "priority": 100,
            "protocol": "Tcp",
            "resource_group_name": "Gunasekhar-Demo-rg-xhxbwr",
            "source_address_prefix": "*",
            "source_address_prefixes": null,
            "source_application_security_group_ids": null,
            "source_port_range": "*",
            "source_port_ranges": null,
            "timeouts": null
          },
          "sensitive_attributes": [],
          "private": "eyJlMmJmYjczMC1lY2FhLTExZTYtOGY4OC0zNDM2M2JjN2M0YzAiOnsiY3JlYXRlIjoxODAwMDAwMDAwMDAwLCJkZWxldGUiOjE4MDAwMDAwMDAwMDAsInJlYWQiOjMwMDAwMDAwMDAwMCwidXBkYXRlIjoxODAwMDAwMDAwMDAwfX0=",
          "dependencies": [
            "azurerm_network_security_group.db_subnet_nsg",
            "azurerm_resource_group.rg",
            "azurerm_subnet.dbsubnet",
            "azurerm_virtual_network.vnet",
            "random_string.myrandom"
          ]
        }
      ]
    },
    {
      "mode": "managed",
      "type": "azurerm_public_ip",
      "name": "web_ag_publicip",
      "provider": "provider[\"registry.terraform.io/hashicorp/azurerm\"]",
      "instances": [
        {
          "schema_version": 0,
          "attributes": {
            "allocation_method": "Dynamic",
            "domain_name_label": null,
            "edge_zone": "",
            "fqdn": null,
            "id": "/subscriptions/6cd202f6-c562-4cc5-a129-7b1a556216a2/resourceGroups/Gunasekhar-Demo-rg-xhxbwr/providers/Microsoft.Network/publicIPAddresses/Gunasekhar-Demo-web-ag-publicip",
            "idle_timeout_in_minutes": 4,
            "ip_address": "",
            "ip_tags": null,
            "ip_version": "IPv4",
            "location": "eastus",
            "name": "Gunasekhar-Demo-web-ag-publicip",
            "public_ip_prefix_id": null,
            "resource_group_name": "Gunasekhar-Demo-rg-xhxbwr",
            "reverse_fqdn": null,
            "sku": "Basic",
            "sku_tier": "Regional",
            "tags": null,
            "timeouts": null,
            "zones": null
          },
          "sensitive_attributes": [],
          "private": "eyJlMmJmYjczMC1lY2FhLTExZTYtOGY4OC0zNDM2M2JjN2M0YzAiOnsiY3JlYXRlIjoxODAwMDAwMDAwMDAwLCJkZWxldGUiOjE4MDAwMDAwMDAwMDAsInJlYWQiOjMwMDAwMDAwMDAwMCwidXBkYXRlIjoxODAwMDAwMDAwMDAwfX0=",
          "dependencies": [
            "azurerm_resource_group.rg",
            "random_string.myrandom"
          ]
        }
      ]
    },
    {
      "mode": "managed",
      "type": "azurerm_resource_group",
      "name": "rg",
      "provider": "provider[\"registry.terraform.io/hashicorp/azurerm\"]",
      "instances": [
        {
          "schema_version": 0,
          "attributes": {
            "id": "/subscriptions/6cd202f6-c562-4cc5-a129-7b1a556216a2/resourceGroups/Gunasekhar-Demo-rg-xhxbwr",
            "location": "eastus",
            "name": "Gunasekhar-Demo-rg-xhxbwr",
            "tags": {
              "environment": "Demo",
              "owners": "Gunasekhar"
            },
            "timeouts": null
          },
          "sensitive_attributes": [],
          "private": "eyJlMmJmYjczMC1lY2FhLTExZTYtOGY4OC0zNDM2M2JjN2M0YzAiOnsiY3JlYXRlIjo1NDAwMDAwMDAwMDAwLCJkZWxldGUiOjU0MDAwMDAwMDAwMDAsInJlYWQiOjMwMDAwMDAwMDAwMCwidXBkYXRlIjo1NDAwMDAwMDAwMDAwfX0=",
          "dependencies": [
            "random_string.myrandom"
          ]
        }
      ]
    },
    {
      "mode": "managed",
      "type": "azurerm_sql_database",
      "name": "db-01",
      "provider": "provider[\"registry.terraform.io/hashicorp/azurerm\"]",
      "instances": [
        {
          "schema_version": 0,
          "attributes": {
            "collation": "SQL_Latin1_General_CP1_CI_AS",
            "create_mode": "Default",
            "creation_date": "2022-04-05T06:39:12.117Z",
            "default_secondary_location": "West US",
            "edition": "Standard",
            "elastic_pool_name": "",
            "encryption": "",
            "id": "/subscriptions/6cd202f6-c562-4cc5-a129-7b1a556216a2/resourceGroups/Gunasekhar-Demo-rg-xhxbwr/providers/Microsoft.Sql/servers/sql01globant/databases/db01globant",
            "import": [],
            "location": "eastus",
            "max_size_bytes": "268435456000",
            "max_size_gb": null,
            "name": "db01globant",
            "read_scale": false,
            "requested_service_objective_id": "f1173c43-91bd-4aaa-973c-54e79e15235b",
            "requested_service_objective_name": "S0",
            "resource_group_name": "Gunasekhar-Demo-rg-xhxbwr",
            "restore_point_in_time": null,
            "server_name": "sql01globant",
            "source_database_deletion_date": null,
            "source_database_id": null,
            "tags": {
              "environment": "Demo"
            },
            "threat_detection_policy": [
              {
                "disabled_alerts": [],
                "email_account_admins": "Disabled",
                "email_addresses": [],
                "retention_days": 0,
                "state": "Disabled",
                "storage_account_access_key": "",
                "storage_endpoint": ""
              }
            ],
            "timeouts": null,
            "zone_redundant": false
          },
          "sensitive_attributes": [],
          "private": "eyJlMmJmYjczMC1lY2FhLTExZTYtOGY4OC0zNDM2M2JjN2M0YzAiOnsiY3JlYXRlIjozNjAwMDAwMDAwMDAwLCJkZWxldGUiOjM2MDAwMDAwMDAwMDAsInJlYWQiOjMwMDAwMDAwMDAwMCwidXBkYXRlIjozNjAwMDAwMDAwMDAwfX0=",
          "dependencies": [
            "azurerm_resource_group.rg",
            "azurerm_sql_server.sql-01",
            "random_string.myrandom"
          ]
        }
      ]
    },
    {
      "mode": "managed",
      "type": "azurerm_sql_server",
      "name": "sql-01",
      "provider": "provider[\"registry.terraform.io/hashicorp/azurerm\"]",
      "instances": [
        {
          "schema_version": 0,
          "attributes": {
            "administrator_login": "4dm1n157r470r",
            "administrator_login_password": "4-v3ry-53cr37-p455w0rd",
            "connection_policy": "Default",
            "fully_qualified_domain_name": "sql01globant.database.windows.net",
            "id": "/subscriptions/6cd202f6-c562-4cc5-a129-7b1a556216a2/resourceGroups/Gunasekhar-Demo-rg-xhxbwr/providers/Microsoft.Sql/servers/sql01globant",
            "identity": [],
            "location": "eastus",
            "name": "sql01globant",
            "resource_group_name": "Gunasekhar-Demo-rg-xhxbwr",
            "tags": {
              "environment": "Demo"
            },
            "threat_detection_policy": [
              {
                "disabled_alerts": [
                  ""
                ],
                "email_account_admins": false,
                "email_addresses": [
                  ""
                ],
                "retention_days": 0,
                "state": "Disabled",
                "storage_account_access_key": "",
                "storage_endpoint": ""
              }
            ],
            "timeouts": null,
            "version": "12.0"
          },
          "sensitive_attributes": [],
          "private": "eyJlMmJmYjczMC1lY2FhLTExZTYtOGY4OC0zNDM2M2JjN2M0YzAiOnsiY3JlYXRlIjozNjAwMDAwMDAwMDAwLCJkZWxldGUiOjM2MDAwMDAwMDAwMDAsInJlYWQiOjMwMDAwMDAwMDAwMCwidXBkYXRlIjozNjAwMDAwMDAwMDAwfX0=",
          "dependencies": [
            "azurerm_resource_group.rg",
            "random_string.myrandom"
          ]
        }
      ]
    },
    {
      "mode": "managed",
      "type": "azurerm_storage_account",
      "name": "storage_account",
      "provider": "provider[\"registry.terraform.io/hashicorp/azurerm\"]",
      "instances": [
        {
          "schema_version": 3,
          "attributes": {
            "access_tier": "Hot",
            "account_kind": "StorageV2",
            "account_replication_type": "LRS",
            "account_tier": "Standard",
            "allow_nested_items_to_be_public": true,
            "azure_files_authentication": [],
            "blob_properties": [
              {
                "change_feed_enabled": false,
                "container_delete_retention_policy": [],
                "cors_rule": [],
                "default_service_version": "",
                "delete_retention_policy": [],
                "last_access_time_enabled": false,
                "versioning_enabled": false
              }
            ],
            "custom_domain": [],
            "customer_managed_key": [],
            "edge_zone": "",
            "enable_https_traffic_only": true,
            "id": "/subscriptions/6cd202f6-c562-4cc5-a129-7b1a556216a2/resourceGroups/Gunasekhar-Demo-rg-xhxbwr/providers/Microsoft.Storage/storageAccounts/globantstorage001",
            "identity": [],
            "infrastructure_encryption_enabled": false,
            "is_hns_enabled": false,
            "large_file_share_enabled": null,
            "location": "eastus",
            "min_tls_version": "TLS1_2",
            "name": "globantstorage001",
            "network_rules": [
              {
                "bypass": [
                  "AzureServices"
                ],
                "default_action": "Allow",
                "ip_rules": [],
                "private_link_access": [],
                "virtual_network_subnet_ids": []
              }
            ],
            "nfsv3_enabled": false,
            "primary_access_key": "DM4tiYm7uYd1dj+qwBG+pM9iFFLHjXLS2r/IkGxXLA0Y6BdG2ybguBxBX/sZ7sUEaCwIFf7XXBBt+AStp6Afvg==",
            "primary_blob_connection_string": "DefaultEndpointsProtocol=https;BlobEndpoint=https://globantstorage001.blob.core.windows.net/;AccountName=globantstorage001;AccountKey=DM4tiYm7uYd1dj+qwBG+pM9iFFLHjXLS2r/IkGxXLA0Y6BdG2ybguBxBX/sZ7sUEaCwIFf7XXBBt+AStp6Afvg==",
            "primary_blob_endpoint": "https://globantstorage001.blob.core.windows.net/",
            "primary_blob_host": "globantstorage001.blob.core.windows.net",
            "primary_connection_string": "DefaultEndpointsProtocol=https;AccountName=globantstorage001;AccountKey=DM4tiYm7uYd1dj+qwBG+pM9iFFLHjXLS2r/IkGxXLA0Y6BdG2ybguBxBX/sZ7sUEaCwIFf7XXBBt+AStp6Afvg==;EndpointSuffix=core.windows.net",
            "primary_dfs_endpoint": "https://globantstorage001.dfs.core.windows.net/",
            "primary_dfs_host": "globantstorage001.dfs.core.windows.net",
            "primary_file_endpoint": "https://globantstorage001.file.core.windows.net/",
            "primary_file_host": "globantstorage001.file.core.windows.net",
            "primary_location": "eastus",
            "primary_queue_endpoint": "https://globantstorage001.queue.core.windows.net/",
            "primary_queue_host": "globantstorage001.queue.core.windows.net",
            "primary_table_endpoint": "https://globantstorage001.table.core.windows.net/",
            "primary_table_host": "globantstorage001.table.core.windows.net",
            "primary_web_endpoint": "https://globantstorage001.z13.web.core.windows.net/",
            "primary_web_host": "globantstorage001.z13.web.core.windows.net",
            "queue_encryption_key_type": "Service",
            "queue_properties": [
              {
                "cors_rule": [],
                "hour_metrics": [
                  {
                    "enabled": true,
                    "include_apis": true,
                    "retention_policy_days": 7,
                    "version": "1.0"
                  }
                ],
                "logging": [
                  {
                    "delete": false,
                    "read": false,
                    "retention_policy_days": 0,
                    "version": "1.0",
                    "write": false
                  }
                ],
                "minute_metrics": [
                  {
                    "enabled": false,
                    "include_apis": false,
                    "retention_policy_days": 0,
                    "version": "1.0"
                  }
                ]
              }
            ],
            "resource_group_name": "Gunasekhar-Demo-rg-xhxbwr",
            "routing": [],
            "secondary_access_key": "mZ1btZL707f5Tg7Xvvt9l5LmUK3AGXLttNdl6le0wV3NWIWpP/kTilMrh960IBvbar/0guL4AsBk+AStt4mvtw==",
            "secondary_blob_connection_string": "",
            "secondary_blob_endpoint": null,
            "secondary_blob_host": null,
            "secondary_connection_string": "DefaultEndpointsProtocol=https;AccountName=globantstorage001;AccountKey=mZ1btZL707f5Tg7Xvvt9l5LmUK3AGXLttNdl6le0wV3NWIWpP/kTilMrh960IBvbar/0guL4AsBk+AStt4mvtw==;EndpointSuffix=core.windows.net",
            "secondary_dfs_endpoint": null,
            "secondary_dfs_host": null,
            "secondary_file_endpoint": null,
            "secondary_file_host": null,
            "secondary_location": "",
            "secondary_queue_endpoint": null,
            "secondary_queue_host": null,
            "secondary_table_endpoint": null,
            "secondary_table_host": null,
            "secondary_web_endpoint": null,
            "secondary_web_host": null,
            "share_properties": [
              {
                "cors_rule": [],
                "retention_policy": [
                  {
                    "days": 7
                  }
                ],
                "smb": []
              }
            ],
            "shared_access_key_enabled": true,
            "static_website": [
              {
                "error_404_document": "error.html",
                "index_document": "index.html"
              }
            ],
            "table_encryption_key_type": "Service",
            "tags": null,
            "timeouts": null
          },
          "sensitive_attributes": [],
          "private": "eyJlMmJmYjczMC1lY2FhLTExZTYtOGY4OC0zNDM2M2JjN2M0YzAiOnsiY3JlYXRlIjozNjAwMDAwMDAwMDAwLCJkZWxldGUiOjM2MDAwMDAwMDAwMDAsInJlYWQiOjMwMDAwMDAwMDAwMCwidXBkYXRlIjozNjAwMDAwMDAwMDAwfSwic2NoZW1hX3ZlcnNpb24iOiIzIn0=",
          "dependencies": [
            "azurerm_resource_group.rg",
            "random_string.myrandom"
          ]
        }
      ]
    },
    {
      "mode": "managed",
      "type": "azurerm_storage_blob",
      "name": "static_container_blob",
      "provider": "provider[\"registry.terraform.io/hashicorp/azurerm\"]",
      "instances": [
        {
          "index_key": "403.html",
          "schema_version": 1,
          "attributes": {
            "access_tier": "Hot",
            "cache_control": "",
            "content_md5": "",
            "content_type": "text/html",
            "id": "https://globantstorage001.blob.core.windows.net/$web/403.html",
            "metadata": {},
            "name": "403.html",
            "parallelism": 8,
            "size": 0,
            "source": "./custom-error-pages/403.html",
            "source_content": null,
            "source_uri": null,
            "storage_account_name": "globantstorage001",
            "storage_container_name": "$web",
            "timeouts": null,
            "type": "Block",
            "url": "https://globantstorage001.blob.core.windows.net/$web/403.html"
          },
          "sensitive_attributes": [],
          "private": "eyJlMmJmYjczMC1lY2FhLTExZTYtOGY4OC0zNDM2M2JjN2M0YzAiOnsiY3JlYXRlIjoxODAwMDAwMDAwMDAwLCJkZWxldGUiOjE4MDAwMDAwMDAwMDAsInJlYWQiOjMwMDAwMDAwMDAwMCwidXBkYXRlIjoxODAwMDAwMDAwMDAwfSwic2NoZW1hX3ZlcnNpb24iOiIxIn0=",
          "dependencies": [
            "azurerm_resource_group.rg",
            "azurerm_storage_account.storage_account",
            "random_string.myrandom"
          ]
        },
        {
          "index_key": "502.html",
          "schema_version": 1,
          "attributes": {
            "access_tier": "Hot",
            "cache_control": "",
            "content_md5": "",
            "content_type": "text/html",
            "id": "https://globantstorage001.blob.core.windows.net/$web/502.html",
            "metadata": {},
            "name": "502.html",
            "parallelism": 8,
            "size": 0,
            "source": "./custom-error-pages/502.html",
            "source_content": null,
            "source_uri": null,
            "storage_account_name": "globantstorage001",
            "storage_container_name": "$web",
            "timeouts": null,
            "type": "Block",
            "url": "https://globantstorage001.blob.core.windows.net/$web/502.html"
          },
          "sensitive_attributes": [],
          "private": "eyJlMmJmYjczMC1lY2FhLTExZTYtOGY4OC0zNDM2M2JjN2M0YzAiOnsiY3JlYXRlIjoxODAwMDAwMDAwMDAwLCJkZWxldGUiOjE4MDAwMDAwMDAwMDAsInJlYWQiOjMwMDAwMDAwMDAwMCwidXBkYXRlIjoxODAwMDAwMDAwMDAwfSwic2NoZW1hX3ZlcnNpb24iOiIxIn0=",
          "dependencies": [
            "azurerm_resource_group.rg",
            "azurerm_storage_account.storage_account",
            "random_string.myrandom"
          ]
        },
        {
          "index_key": "error.html",
          "schema_version": 1,
          "attributes": {
            "access_tier": "Hot",
            "cache_control": "",
            "content_md5": "",
            "content_type": "text/html",
            "id": "https://globantstorage001.blob.core.windows.net/$web/error.html",
            "metadata": {},
            "name": "error.html",
            "parallelism": 8,
            "size": 0,
            "source": "./custom-error-pages/error.html",
            "source_content": null,
            "source_uri": null,
            "storage_account_name": "globantstorage001",
            "storage_container_name": "$web",
            "timeouts": null,
            "type": "Block",
            "url": "https://globantstorage001.blob.core.windows.net/$web/error.html"
          },
          "sensitive_attributes": [],
          "private": "eyJlMmJmYjczMC1lY2FhLTExZTYtOGY4OC0zNDM2M2JjN2M0YzAiOnsiY3JlYXRlIjoxODAwMDAwMDAwMDAwLCJkZWxldGUiOjE4MDAwMDAwMDAwMDAsInJlYWQiOjMwMDAwMDAwMDAwMCwidXBkYXRlIjoxODAwMDAwMDAwMDAwfSwic2NoZW1hX3ZlcnNpb24iOiIxIn0=",
          "dependencies": [
            "azurerm_resource_group.rg",
            "azurerm_storage_account.storage_account",
            "random_string.myrandom"
          ]
        },
        {
          "index_key": "index.html",
          "schema_version": 1,
          "attributes": {
            "access_tier": "Hot",
            "cache_control": "",
            "content_md5": "",
            "content_type": "text/html",
            "id": "https://globantstorage001.blob.core.windows.net/$web/index.html",
            "metadata": {},
            "name": "index.html",
            "parallelism": 8,
            "size": 0,
            "source": "./custom-error-pages/index.html",
            "source_content": null,
            "source_uri": null,
            "storage_account_name": "globantstorage001",
            "storage_container_name": "$web",
            "timeouts": null,
            "type": "Block",
            "url": "https://globantstorage001.blob.core.windows.net/$web/index.html"
          },
          "sensitive_attributes": [],
          "private": "eyJlMmJmYjczMC1lY2FhLTExZTYtOGY4OC0zNDM2M2JjN2M0YzAiOnsiY3JlYXRlIjoxODAwMDAwMDAwMDAwLCJkZWxldGUiOjE4MDAwMDAwMDAwMDAsInJlYWQiOjMwMDAwMDAwMDAwMCwidXBkYXRlIjoxODAwMDAwMDAwMDAwfSwic2NoZW1hX3ZlcnNpb24iOiIxIn0=",
          "dependencies": [
            "azurerm_resource_group.rg",
            "azurerm_storage_account.storage_account",
            "random_string.myrandom"
          ]
        }
      ]
    },
    {
      "mode": "managed",
      "type": "azurerm_subnet",
      "name": "agsubnet",
      "provider": "provider[\"registry.terraform.io/hashicorp/azurerm\"]",
      "instances": [
        {
          "schema_version": 0,
          "attributes": {
            "address_prefixes": [
              "10.1.1.0/24"
            ],
            "delegation": [],
            "enforce_private_link_endpoint_network_policies": false,
            "enforce_private_link_service_network_policies": false,
            "id": "/subscriptions/6cd202f6-c562-4cc5-a129-7b1a556216a2/resourceGroups/Gunasekhar-Demo-rg-xhxbwr/providers/Microsoft.Network/virtualNetworks/Gunasekhar-Demo-vnet/subnets/Gunasekhar-Demo-vnet-agsubnet",
            "name": "Gunasekhar-Demo-vnet-agsubnet",
            "resource_group_name": "Gunasekhar-Demo-rg-xhxbwr",
            "service_endpoint_policy_ids": null,
            "service_endpoints": null,
            "timeouts": null,
            "virtual_network_name": "Gunasekhar-Demo-vnet"
          },
          "sensitive_attributes": [],
          "private": "eyJlMmJmYjczMC1lY2FhLTExZTYtOGY4OC0zNDM2M2JjN2M0YzAiOnsiY3JlYXRlIjoxODAwMDAwMDAwMDAwLCJkZWxldGUiOjE4MDAwMDAwMDAwMDAsInJlYWQiOjMwMDAwMDAwMDAwMCwidXBkYXRlIjoxODAwMDAwMDAwMDAwfX0=",
          "dependencies": [
            "azurerm_resource_group.rg",
            "azurerm_virtual_network.vnet",
            "random_string.myrandom"
          ]
        }
      ]
    },
    {
      "mode": "managed",
      "type": "azurerm_subnet",
      "name": "appsubnet",
      "provider": "provider[\"registry.terraform.io/hashicorp/azurerm\"]",
      "instances": [
        {
          "schema_version": 0,
          "attributes": {
            "address_prefixes": [
              "10.1.2.0/24"
            ],
            "delegation": [],
            "enforce_private_link_endpoint_network_policies": false,
            "enforce_private_link_service_network_policies": false,
            "id": "/subscriptions/6cd202f6-c562-4cc5-a129-7b1a556216a2/resourceGroups/Gunasekhar-Demo-rg-xhxbwr/providers/Microsoft.Network/virtualNetworks/Gunasekhar-Demo-vnet/subnets/Gunasekhar-Demo-vnet-appsubnet",
            "name": "Gunasekhar-Demo-vnet-appsubnet",
            "resource_group_name": "Gunasekhar-Demo-rg-xhxbwr",
            "service_endpoint_policy_ids": null,
            "service_endpoints": null,
            "timeouts": null,
            "virtual_network_name": "Gunasekhar-Demo-vnet"
          },
          "sensitive_attributes": [],
          "private": "eyJlMmJmYjczMC1lY2FhLTExZTYtOGY4OC0zNDM2M2JjN2M0YzAiOnsiY3JlYXRlIjoxODAwMDAwMDAwMDAwLCJkZWxldGUiOjE4MDAwMDAwMDAwMDAsInJlYWQiOjMwMDAwMDAwMDAwMCwidXBkYXRlIjoxODAwMDAwMDAwMDAwfX0=",
          "dependencies": [
            "azurerm_resource_group.rg",
            "azurerm_virtual_network.vnet",
            "random_string.myrandom"
          ]
        }
      ]
    },
    {
      "mode": "managed",
      "type": "azurerm_subnet",
      "name": "dbsubnet",
      "provider": "provider[\"registry.terraform.io/hashicorp/azurerm\"]",
      "instances": [
        {
          "schema_version": 0,
          "attributes": {
            "address_prefixes": [
              "10.1.3.0/24"
            ],
            "delegation": [],
            "enforce_private_link_endpoint_network_policies": false,
            "enforce_private_link_service_network_policies": false,
            "id": "/subscriptions/6cd202f6-c562-4cc5-a129-7b1a556216a2/resourceGroups/Gunasekhar-Demo-rg-xhxbwr/providers/Microsoft.Network/virtualNetworks/Gunasekhar-Demo-vnet/subnets/Gunasekhar-Demo-vnet-dbsubnet",
            "name": "Gunasekhar-Demo-vnet-dbsubnet",
            "resource_group_name": "Gunasekhar-Demo-rg-xhxbwr",
            "service_endpoint_policy_ids": null,
            "service_endpoints": null,
            "timeouts": null,
            "virtual_network_name": "Gunasekhar-Demo-vnet"
          },
          "sensitive_attributes": [],
          "private": "eyJlMmJmYjczMC1lY2FhLTExZTYtOGY4OC0zNDM2M2JjN2M0YzAiOnsiY3JlYXRlIjoxODAwMDAwMDAwMDAwLCJkZWxldGUiOjE4MDAwMDAwMDAwMDAsInJlYWQiOjMwMDAwMDAwMDAwMCwidXBkYXRlIjoxODAwMDAwMDAwMDAwfX0=",
          "dependencies": [
            "azurerm_resource_group.rg",
            "azurerm_virtual_network.vnet",
            "random_string.myrandom"
          ]
        }
      ]
    },
    {
      "mode": "managed",
      "type": "azurerm_subnet_network_security_group_association",
      "name": "ag_subnet_nsg_associate",
      "provider": "provider[\"registry.terraform.io/hashicorp/azurerm\"]",
      "instances": [
        {
          "schema_version": 0,
          "attributes": {
            "id": "/subscriptions/6cd202f6-c562-4cc5-a129-7b1a556216a2/resourceGroups/Gunasekhar-Demo-rg-xhxbwr/providers/Microsoft.Network/virtualNetworks/Gunasekhar-Demo-vnet/subnets/Gunasekhar-Demo-vnet-agsubnet",
            "network_security_group_id": "/subscriptions/6cd202f6-c562-4cc5-a129-7b1a556216a2/resourceGroups/Gunasekhar-Demo-rg-xhxbwr/providers/Microsoft.Network/networkSecurityGroups/Gunasekhar-Demo-vnet-agsubnet-nsg",
            "subnet_id": "/subscriptions/6cd202f6-c562-4cc5-a129-7b1a556216a2/resourceGroups/Gunasekhar-Demo-rg-xhxbwr/providers/Microsoft.Network/virtualNetworks/Gunasekhar-Demo-vnet/subnets/Gunasekhar-Demo-vnet-agsubnet",
            "timeouts": null
          },
          "sensitive_attributes": [],
          "private": "eyJlMmJmYjczMC1lY2FhLTExZTYtOGY4OC0zNDM2M2JjN2M0YzAiOnsiY3JlYXRlIjoxODAwMDAwMDAwMDAwLCJkZWxldGUiOjE4MDAwMDAwMDAwMDAsInJlYWQiOjMwMDAwMDAwMDAwMCwidXBkYXRlIjoxODAwMDAwMDAwMDAwfX0=",
          "dependencies": [
            "azurerm_network_security_group.ag_subnet_nsg",
            "azurerm_network_security_rule.ag_nsg_rule_inbound",
            "azurerm_resource_group.rg",
            "azurerm_subnet.agsubnet",
            "azurerm_virtual_network.vnet",
            "random_string.myrandom"
          ]
        }
      ]
    },
    {
      "mode": "managed",
      "type": "azurerm_subnet_network_security_group_association",
      "name": "app_subnet_nsg_associate",
      "provider": "provider[\"registry.terraform.io/hashicorp/azurerm\"]",
      "instances": [
        {
          "schema_version": 0,
          "attributes": {
            "id": "/subscriptions/6cd202f6-c562-4cc5-a129-7b1a556216a2/resourceGroups/Gunasekhar-Demo-rg-xhxbwr/providers/Microsoft.Network/virtualNetworks/Gunasekhar-Demo-vnet/subnets/Gunasekhar-Demo-vnet-appsubnet",
            "network_security_group_id": "/subscriptions/6cd202f6-c562-4cc5-a129-7b1a556216a2/resourceGroups/Gunasekhar-Demo-rg-xhxbwr/providers/Microsoft.Network/networkSecurityGroups/Gunasekhar-Demo-vnet-appsubnet-nsg",
            "subnet_id": "/subscriptions/6cd202f6-c562-4cc5-a129-7b1a556216a2/resourceGroups/Gunasekhar-Demo-rg-xhxbwr/providers/Microsoft.Network/virtualNetworks/Gunasekhar-Demo-vnet/subnets/Gunasekhar-Demo-vnet-appsubnet",
            "timeouts": null
          },
          "sensitive_attributes": [],
          "private": "eyJlMmJmYjczMC1lY2FhLTExZTYtOGY4OC0zNDM2M2JjN2M0YzAiOnsiY3JlYXRlIjoxODAwMDAwMDAwMDAwLCJkZWxldGUiOjE4MDAwMDAwMDAwMDAsInJlYWQiOjMwMDAwMDAwMDAwMCwidXBkYXRlIjoxODAwMDAwMDAwMDAwfX0=",
          "dependencies": [
            "azurerm_network_security_group.app_subnet_nsg",
            "azurerm_network_security_rule.app_nsg_rule_inbound",
            "azurerm_resource_group.rg",
            "azurerm_subnet.appsubnet",
            "azurerm_virtual_network.vnet",
            "random_string.myrandom"
          ]
        }
      ]
    },
    {
      "mode": "managed",
      "type": "azurerm_subnet_network_security_group_association",
      "name": "db_subnet_nsg_associate",
      "provider": "provider[\"registry.terraform.io/hashicorp/azurerm\"]",
      "instances": [
        {
          "schema_version": 0,
          "attributes": {
            "id": "/subscriptions/6cd202f6-c562-4cc5-a129-7b1a556216a2/resourceGroups/Gunasekhar-Demo-rg-xhxbwr/providers/Microsoft.Network/virtualNetworks/Gunasekhar-Demo-vnet/subnets/Gunasekhar-Demo-vnet-dbsubnet",
            "network_security_group_id": "/subscriptions/6cd202f6-c562-4cc5-a129-7b1a556216a2/resourceGroups/Gunasekhar-Demo-rg-xhxbwr/providers/Microsoft.Network/networkSecurityGroups/Gunasekhar-Demo-vnet-dbsubnet-nsg",
            "subnet_id": "/subscriptions/6cd202f6-c562-4cc5-a129-7b1a556216a2/resourceGroups/Gunasekhar-Demo-rg-xhxbwr/providers/Microsoft.Network/virtualNetworks/Gunasekhar-Demo-vnet/subnets/Gunasekhar-Demo-vnet-dbsubnet",
            "timeouts": null
          },
          "sensitive_attributes": [],
          "private": "eyJlMmJmYjczMC1lY2FhLTExZTYtOGY4OC0zNDM2M2JjN2M0YzAiOnsiY3JlYXRlIjoxODAwMDAwMDAwMDAwLCJkZWxldGUiOjE4MDAwMDAwMDAwMDAsInJlYWQiOjMwMDAwMDAwMDAwMCwidXBkYXRlIjoxODAwMDAwMDAwMDAwfX0=",
          "dependencies": [
            "azurerm_network_security_group.db_subnet_nsg",
            "azurerm_network_security_rule.db_nsg_rule_inbound",
            "azurerm_resource_group.rg",
            "azurerm_subnet.dbsubnet",
            "azurerm_virtual_network.vnet",
            "random_string.myrandom"
          ]
        }
      ]
    },
    {
      "mode": "managed",
      "type": "azurerm_virtual_network",
      "name": "vnet",
      "provider": "provider[\"registry.terraform.io/hashicorp/azurerm\"]",
      "instances": [
        {
          "schema_version": 0,
          "attributes": {
            "address_space": [
              "10.1.0.0/16"
            ],
            "bgp_community": "",
            "ddos_protection_plan": [],
            "dns_servers": [],
            "edge_zone": "",
            "flow_timeout_in_minutes": 0,
            "guid": "0eb151eb-2b31-427b-aefb-1de6f44b4079",
            "id": "/subscriptions/6cd202f6-c562-4cc5-a129-7b1a556216a2/resourceGroups/Gunasekhar-Demo-rg-xhxbwr/providers/Microsoft.Network/virtualNetworks/Gunasekhar-Demo-vnet",
            "location": "eastus",
            "name": "Gunasekhar-Demo-vnet",
            "resource_group_name": "Gunasekhar-Demo-rg-xhxbwr",
            "subnet": [],
            "tags": {
              "environment": "Demo",
              "owners": "Gunasekhar"
            },
            "timeouts": null
          },
          "sensitive_attributes": [],
          "private": "eyJlMmJmYjczMC1lY2FhLTExZTYtOGY4OC0zNDM2M2JjN2M0YzAiOnsiY3JlYXRlIjoxODAwMDAwMDAwMDAwLCJkZWxldGUiOjE4MDAwMDAwMDAwMDAsInJlYWQiOjMwMDAwMDAwMDAwMCwidXBkYXRlIjoxODAwMDAwMDAwMDAwfX0=",
          "dependencies": [
            "azurerm_resource_group.rg",
            "random_string.myrandom"
          ]
        }
      ]
    },
    {
      "mode": "managed",
      "type": "random_integer",
      "name": "ri",
      "provider": "provider[\"registry.terraform.io/hashicorp/random\"]",
      "instances": [
        {
          "schema_version": 0,
          "attributes": {
            "id": "87576",
            "keepers": null,
            "max": 99999,
            "min": 10000,
            "result": 87576,
            "seed": null
          },
          "sensitive_attributes": [],
          "private": "bnVsbA=="
        }
      ]
    },
    {
      "mode": "managed",
      "type": "random_string",
      "name": "myrandom",
      "provider": "provider[\"registry.terraform.io/hashicorp/random\"]",
      "instances": [
        {
          "schema_version": 1,
          "attributes": {
            "id": "xhxbwr",
            "keepers": null,
            "length": 6,
            "lower": true,
            "min_lower": 0,
            "min_numeric": 0,
            "min_special": 0,
            "min_upper": 0,
            "number": false,
            "override_special": null,
            "result": "xhxbwr",
            "special": false,
            "upper": false
          },
          "sensitive_attributes": [],
          "private": "eyJzY2hlbWFfdmVyc2lvbiI6IjEifQ=="
        }
      ]
    }
  ]
}
